// !$*UTF8*$!
{
	archiveVersion = 1;
	classes = {
	};
	objectVersion = 46;
	objects = {

/* Begin PBXBuildFile section */
		4BDB33971A956AC0007810D5 /* AppDelegate.swift in Sources */ = {isa = PBXBuildFile; fileRef = 4BDB33961A956AC0007810D5 /* AppDelegate.swift */; };
		4BDB33991A956AC0007810D5 /* ViewController.swift in Sources */ = {isa = PBXBuildFile; fileRef = 4BDB33981A956AC0007810D5 /* ViewController.swift */; };
		4BDB339C1A956AC0007810D5 /* Main.storyboard in Resources */ = {isa = PBXBuildFile; fileRef = 4BDB339A1A956AC0007810D5 /* Main.storyboard */; };
		4BDB339E1A956AC0007810D5 /* Images.xcassets in Resources */ = {isa = PBXBuildFile; fileRef = 4BDB339D1A956AC0007810D5 /* Images.xcassets */; };
		4BDB33AD1A956AC0007810D5 /* mailboxTests.swift in Sources */ = {isa = PBXBuildFile; fileRef = 4BDB33AC1A956AC0007810D5 /* mailboxTests.swift */; };
		4BDB33B71A956CDB007810D5 /* MailboxViewController.swift in Sources */ = {isa = PBXBuildFile; fileRef = 4BDB33B61A956CDB007810D5 /* MailboxViewController.swift */; };
/* End PBXBuildFile section */

/* Begin PBXContainerItemProxy section */
		4BDB33A71A956AC0007810D5 /* PBXContainerItemProxy */ = {
			isa = PBXContainerItemProxy;
			containerPortal = 4BDB33891A956AC0007810D5 /* Project object */;
			proxyType = 1;
			remoteGlobalIDString = 4BDB33901A956AC0007810D5;
			remoteInfo = mailbox;
		};
/* End PBXContainerItemProxy section */

/* Begin PBXFileReference section */
		4BDB33911A956AC0007810D5 /* mailbox.app */ = {isa = PBXFileReference; explicitFileType = wrapper.application; includeInIndex = 0; path = mailbox.app; sourceTree = BUILT_PRODUCTS_DIR; };
		4BDB33951A956AC0007810D5 /* Info.plist */ = {isa = PBXFileReference; lastKnownFileType = text.plist.xml; path = Info.plist; sourceTree = "<group>"; };
		4BDB33961A956AC0007810D5 /* AppDelegate.swift */ = {isa = PBXFileReference; lastKnownFileType = sourcecode.swift; path = AppDelegate.swift; sourceTree = "<group>"; };
		4BDB33981A956AC0007810D5 /* ViewController.swift */ = {isa = PBXFileReference; lastKnownFileType = sourcecode.swift; path = ViewController.swift; sourceTree = "<group>"; };
		4BDB339B1A956AC0007810D5 /* Base */ = {isa = PBXFileReference; lastKnownFileType = file.storyboard; name = Base; path = Base.lproj/Main.storyboard; sourceTree = "<group>"; };
		4BDB339D1A956AC0007810D5 /* Images.xcassets */ = {isa = PBXFileReference; lastKnownFileType = folder.assetcatalog; path = Images.xcassets; sourceTree = "<group>"; };
		4BDB33A61A956AC0007810D5 /* mailboxTests.xctest */ = {isa = PBXFileReference; explicitFileType = wrapper.cfbundle; includeInIndex = 0; path = mailboxTests.xctest; sourceTree = BUILT_PRODUCTS_DIR; };
		4BDB33AB1A956AC0007810D5 /* Info.plist */ = {isa = PBXFileReference; lastKnownFileType = text.plist.xml; path = Info.plist; sourceTree = "<group>"; };
		4BDB33AC1A956AC0007810D5 /* mailboxTests.swift */ = {isa = PBXFileReference; lastKnownFileType = sourcecode.swift; path = mailboxTests.swift; sourceTree = "<group>"; };
		4BDB33B61A956CDB007810D5 /* MailboxViewController.swift */ = {isa = PBXFileReference; fileEncoding = 4; lastKnownFileType = sourcecode.swift; path = MailboxViewController.swift; sourceTree = "<group>"; };
/* End PBXFileReference section */

/* Begin PBXFrameworksBuildPhase section */
		4BDB338E1A956AC0007810D5 /* Frameworks */ = {
			isa = PBXFrameworksBuildPhase;
			buildActionMask = 2147483647;
			files = (
			);
			runOnlyForDeploymentPostprocessing = 0;
		};
		4BDB33A31A956AC0007810D5 /* Frameworks */ = {
			isa = PBXFrameworksBuildPhase;
			buildActionMask = 2147483647;
			files = (
			);
			runOnlyForDeploymentPostprocessing = 0;
		};
/* End PBXFrameworksBuildPhase section */

/* Begin PBXGroup section */
		4BDB33881A956AC0007810D5 = {
			isa = PBXGroup;
			children = (
				4BDB33931A956AC0007810D5 /* mailbox */,
				4BDB33A91A956AC0007810D5 /* mailboxTests */,
				4BDB33921A956AC0007810D5 /* Products */,
			);
			sourceTree = "<group>";
		};
		4BDB33921A956AC0007810D5 /* Products */ = {
			isa = PBXGroup;
			children = (
				4BDB33911A956AC0007810D5 /* mailbox.app */,
				4BDB33A61A956AC0007810D5 /* mailboxTests.xctest */,
			);
			name = Products;
			sourceTree = "<group>";
		};
		4BDB33931A956AC0007810D5 /* mailbox */ = {
			isa = PBXGroup;
			children = (
				4BDB33961A956AC0007810D5 /* AppDelegate.swift */,
				4BDB33981A956AC0007810D5 /* ViewController.swift */,
				4BDB339A1A956AC0007810D5 /* Main.storyboard */,
				4BDB33B61A956CDB007810D5 /* MailboxViewController.swift */,
				4BDB339D1A956AC0007810D5 /* Images.xcassets */,
				4BDB33941A956AC0007810D5 /* Supporting Files */,
			);
			path = mailbox;
			sourceTree = "<group>";
		};
		4BDB33941A956AC0007810D5 /* Supporting Files */ = {
			isa = PBXGroup;
			children = (
				4BDB33951A956AC0007810D5 /* Info.plist */,
			);
			name = "Supporting Files";
			sourceTree = "<group>";
		};
		4BDB33A91A956AC0007810D5 /* mailboxTests */ = {
			isa = PBXGroup;
			children = (
				4BDB33AC1A956AC0007810D5 /* mailboxTests.swift */,
				4BDB33AA1A956AC0007810D5 /* Supporting Files */,
			);
			path = mailboxTests;
			sourceTree = "<group>";
		};
		4BDB33AA1A956AC0007810D5 /* Supporting Files */ = {
			isa = PBXGroup;
			children = (
				4BDB33AB1A956AC0007810D5 /* Info.plist */,
			);
			name = "Supporting Files";
			sourceTree = "<group>";
		};
/* End PBXGroup section */

/* Begin PBXNativeTarget section */
		4BDB33901A956AC0007810D5 /* mailbox */ = {
			isa = PBXNativeTarget;
			buildConfigurationList = 4BDB33B01A956AC0007810D5 /* Build configuration list for PBXNativeTarget "mailbox" */;
			buildPhases = (
				4BDB338D1A956AC0007810D5 /* Sources */,
				4BDB338E1A956AC0007810D5 /* Frameworks */,
				4BDB338F1A956AC0007810D5 /* Resources */,
			);
			buildRules = (
			);
			dependencies = (
			);
			name = mailbox;
			productName = mailbox;
			productReference = 4BDB33911A956AC0007810D5 /* mailbox.app */;
			productType = "com.apple.product-type.application";
		};
		4BDB33A51A956AC0007810D5 /* mailboxTests */ = {
			isa = PBXNativeTarget;
			buildConfigurationList = 4BDB33B31A956AC0007810D5 /* Build configuration list for PBXNativeTarget "mailboxTests" */;
			buildPhases = (
				4BDB33A21A956AC0007810D5 /* Sources */,
				4BDB33A31A956AC0007810D5 /* Frameworks */,
				4BDB33A41A956AC0007810D5 /* Resources */,
			);
			buildRules = (
			);
			dependencies = (
				4BDB33A81A956AC0007810D5 /* PBXTargetDependency */,
			);
			name = mailboxTests;
			productName = mailboxTests;
			productReference = 4BDB33A61A956AC0007810D5 /* mailboxTests.xctest */;
			productType = "com.apple.product-type.bundle.unit-test";
		};
/* End PBXNativeTarget section */

/* Begin PBXProject section */
		4BDB33891A956AC0007810D5 /* Project object */ = {
			isa = PBXProject;
			attributes = {
				LastUpgradeCheck = 0610;
				ORGANIZATIONNAME = "Wan-Ting Huang";
				TargetAttributes = {
					4BDB33901A956AC0007810D5 = {
						CreatedOnToolsVersion = 6.1.1;
					};
					4BDB33A51A956AC0007810D5 = {
						CreatedOnToolsVersion = 6.1.1;
						TestTargetID = 4BDB33901A956AC0007810D5;
					};
				};
			};
			buildConfigurationList = 4BDB338C1A956AC0007810D5 /* Build configuration list for PBXProject "mailbox" */;
			compatibilityVersion = "Xcode 3.2";
			developmentRegion = English;
			hasScannedForEncodings = 0;
			knownRegions = (
				en,
				Base,
			);
			mainGroup = 4BDB33881A956AC0007810D5;
			productRefGroup = 4BDB33921A956AC0007810D5 /* Products */;
			projectDirPath = "";
			projectRoot = "";
			targets = (
				4BDB33901A956AC0007810D5 /* mailbox */,
				4BDB33A51A956AC0007810D5 /* mailboxTests */,
			);
		};
/* End PBXProject section */

/* Begin PBXResourcesBuildPhase section */
		4BDB338F1A956AC0007810D5 /* Resources */ = {
			isa = PBXResourcesBuildPhase;
			buildActionMask = 2147483647;
			files = (
				4BDB339C1A956AC0007810D5 /* Main.storyboard in Resources */,
				4BDB339E1A956AC0007810D5 /* Images.xcassets in Resources */,
			);
			runOnlyForDeploymentPostprocessing = 0;
		};
		4BDB33A41A956AC0007810D5 /* Resources */ = {
			isa = PBXResourcesBuildPhase;
			buildActionMask = 2147483647;
			files = (
			);
			runOnlyForDeploymentPostprocessing = 0;
		};
/* End PBXResourcesBuildPhase section */

/* Begin PBXSourcesBuildPhase section */
		4BDB338D1A956AC0007810D5 /* Sources */ = {
			isa = PBXSourcesBuildPhase;
			buildActionMask = 2147483647;
			files = (
				4BDB33991A956AC0007810D5 /* ViewController.swift in Sources */,
				4BDB33971A956AC0007810D5 /* AppDelegate.swift in Sources */,
				4BDB33B71A956CDB007810D5 /* MailboxViewController.swift in Sources */,
			);
			runOnlyForDeploymentPostprocessing = 0;
		};
		4BDB33A21A956AC0007810D5 /* Sources */ = {
			isa = PBXSourcesBuildPhase;
			buildActionMask = 2147483647;
			files = (
				4BDB33AD1A956AC0007810D5 /* mailboxTests.swift in Sources */,
			);
			runOnlyForDeploymentPostprocessing = 0;
		};
/* End PBXSourcesBuildPhase section */

/* Begin PBXTargetDependency section */
		4BDB33A81A956AC0007810D5 /* PBXTargetDependency */ = {
			isa = PBXTargetDependency;
			target = 4BDB33901A956AC0007810D5 /* mailbox */;
			targetProxy = 4BDB33A71A956AC0007810D5 /* PBXContainerItemProxy */;
		};
/* End PBXTargetDependency section */

/* Begin PBXVariantGroup section */
		4BDB339A1A956AC0007810D5 /* Main.storyboard */ = {
			isa = PBXVariantGroup;
			children = (
				4BDB339B1A956AC0007810D5 /* Base */,
			);
			name = Main.storyboard;
			sourceTree = "<group>";
		};
/* End PBXVariantGroup section */

/* Begin XCBuildConfiguration section */
		4BDB33AE1A956AC0007810D5 /* Debug */ = {
			isa = XCBuildConfiguration;
			buildSettings = {
				ALWAYS_SEARCH_USER_PATHS = NO;
				CLANG_CXX_LANGUAGE_STANDARD = "gnu++0x";
				CLANG_CXX_LIBRARY = "libc++";
				CLANG_ENABLE_MODULES = YES;
				CLANG_ENABLE_OBJC_ARC = YES;
				CLANG_WARN_BOOL_CONVERSION = YES;
				CLANG_WARN_CONSTANT_CONVERSION = YES;
				CLANG_WARN_DIRECT_OBJC_ISA_USAGE = YES_ERROR;
				CLANG_WARN_EMPTY_BODY = YES;
				CLANG_WARN_ENUM_CONVERSION = YES;
				CLANG_WARN_INT_CONVERSION = YES;
				CLANG_WARN_OBJC_ROOT_CLASS = YES_ERROR;
				CLANG_WARN_UNREACHABLE_CODE = YES;
				CLANG_WARN__DUPLICATE_METHOD_MATCH = YES;
				"CODE_SIGN_IDENTITY[sdk=iphoneos*]" = "iPhone Developer";
				COPY_PHASE_STRIP = NO;
				ENABLE_STRICT_OBJC_MSGSEND = YES;
				GCC_C_LANGUAGE_STANDARD = gnu99;
				GCC_DYNAMIC_NO_PIC = NO;
				GCC_OPTIMIZATION_LEVEL = 0;
				GCC_PREPROCESSOR_DEFINITIONS = (
					"DEBUG=1",
					"$(inherited)",
				);
				GCC_SYMBOLS_PRIVATE_EXTERN = NO;
				GCC_WARN_64_TO_32_BIT_CONVERSION = YES;
				GCC_WARN_ABOUT_RETURN_TYPE = YES_ERROR;
				GCC_WARN_UNDECLARED_SELECTOR = YES;
				GCC_WARN_UNINITIALIZED_AUTOS = YES_AGGRESSIVE;
				GCC_WARN_UNUSED_FUNCTION = YES;
				GCC_WARN_UNUSED_VARIABLE = YES;
				IPHONEOS_DEPLOYMENT_TARGET = 8.1;
				MTL_ENABLE_DEBUG_INFO = YES;
				ONLY_ACTIVE_ARCH = YES;
				SDKROOT = iphoneos;
				SWIFT_OPTIMIZATION_LEVEL = "-Onone";
			};
			name = Debug;
		};
		4BDB33AF1A956AC0007810D5 /* Release */ = {
			isa = XCBuildConfiguration;
			buildSettings = {
				ALWAYS_SEARCH_USER_PATHS = NO;
				CLANG_CXX_LANGUAGE_STANDARD = "gnu++0x";
				CLANG_CXX_LIBRARY = "libc++";
				CLANG_ENABLE_MODULES = YES;
				CLANG_ENABLE_OBJC_ARC = YES;
				CLANG_WARN_BOOL_CONVERSION = YES;
				CLANG_WARN_CONSTANT_CONVERSION = YES;
				CLANG_WARN_DIRECT_OBJC_ISA_USAGE = YES_ERROR;
				CLANG_WARN_EMPTY_BODY = YES;
				CLANG_WARN_ENUM_CONVERSION = YES;
				CLANG_WARN_INT_CONVERSION = YES;
				CLANG_WARN_OBJC_ROOT_CLASS = YES_ERROR;
				CLANG_WARN_UNREACHABLE_CODE = YES;
				CLANG_WARN__DUPLICATE_METHOD_MATCH = YES;
				"CODE_SIGN_IDENTITY[sdk=iphoneos*]" = "iPhone Developer";
				COPY_PHASE_STRIP = YES;
				ENABLE_NS_ASSERTIONS = NO;
				ENABLE_STRICT_OBJC_MSGSEND = YES;
				GCC_C_LANGUAGE_STANDARD = gnu99;
				GCC_WARN_64_TO_32_BIT_CONVERSION = YES;
				GCC_WARN_ABOUT_RETURN_TYPE = YES_ERROR;
				GCC_WARN_UNDECLARED_SELECTOR = YES;
				GCC_WARN_UNINITIALIZED_AUTOS = YES_AGGRESSIVE;
				GCC_WARN_UNUSED_FUNCTION = YES;
				GCC_WARN_UNUSED_VARIABLE = YES;
				IPHONEOS_DEPLOYMENT_TARGET = 8.1;
				MTL_ENABLE_DEBUG_INFO = NO;
				SDKROOT = iphoneos;
				VALIDATE_PRODUCT = YES;
			};
			name = Release;
		};
		4BDB33B11A956AC0007810D5 /* Debug */ = {
			isa = XCBuildConfiguration;
			buildSettings = {
				ASSETCATALOG_COMPILER_APPICON_NAME = AppIcon;
				ASSETCATALOG_COMPILER_LAUNCHIMAGE_NAME = LaunchImage;
				INFOPLIST_FILE = mailbox/Info.plist;
				LD_RUNPATH_SEARCH_PATHS = "$(inherited) @executable_path/Frameworks";
				PRODUCT_NAME = "$(TARGET_NAME)";
			};
			name = Debug;
		};
		4BDB33B21A956AC0007810D5 /* Release */ = {
			isa = XCBuildConfiguration;
			buildSettings = {
				ASSETCATALOG_COMPILER_APPICON_NAME = AppIcon;
				ASSETCATALOG_COMPILER_LAUNCHIMAGE_NAME = LaunchImage;
				INFOPLIST_FILE = mailbox/Info.plist;
				LD_RUNPATH_SEARCH_PATHS = "$(inherited) @executable_path/Frameworks";
				PRODUCT_NAME = "$(TARGET_NAME)";
			};
			name = Release;
		};
		4BDB33B41A956AC0007810D5 /* Debug */ = {
			isa = XCBuildConfiguration;
			buildSettings = {
				BUNDLE_LOADER = "$(TEST_HOST)";
				FRAMEWORK_SEARCH_PATHS = (
					"$(SDKROOT)/Developer/Library/Frameworks",
					"$(inherited)",
				);
				GCC_PREPROCESSOR_DEFINITIONS = (
					"DEBUG=1",
					"$(inherited)",
				);
				INFOPLIST_FILE = mailboxTests/Info.plist;
				LD_RUNPATH_SEARCH_PATHS = "$(inherited) @executable_path/Frameworks @loader_path/Frameworks";
				PRODUCT_NAME = "$(TARGET_NAME)";
				TEST_HOST = "$(BUILT_PRODUCTS_DIR)/mailbox.app/mailbox";
			};
			name = Debug;
		};
		4BDB33B51A956AC0007810D5 /* Release */ = {
			isa = XCBuildConfiguration;
			buildSettings = {
				BUNDLE_LOADER = "$(TEST_HOST)";
				FRAMEWORK_SEARCH_PATHS = (
					"$(SDKROOT)/Developer/Library/Frameworks",
					"$(inherited)",
				);
				INFOPLIST_FILE = mailboxTests/Info.plist;
				LD_RUNPATH_SEARCH_PATHS = "$(inherited) @executable_path/Frameworks @loader_path/Frameworks";
				PRODUCT_NAME = "$(TARGET_NAME)";
				TEST_HOST = "$(BUILT_PRODUCTS_DIR)/mailbox.app/mailbox";
			};
			name = Release;
		};
/* End XCBuildConfiguration section */

/* Begin XCConfigurationList section */
		4BDB338C1A956AC0007810D5 /* Build configuration list for PBXProject "mailbox" */ = {
			isa = XCConfigurationList;
			buildConfigurations = (
				4BDB33AE1A956AC0007810D5 /* Debug */,
				4BDB33AF1A956AC0007810D5 /* Release */,
			);
			defaultConfigurationIsVisible = 0;
			defaultConfigurationName = Release;
		};
		4BDB33B01A956AC0007810D5 /* Build configuration list for PBXNativeTarget "mailbox" */ = {
			isa = XCConfigurationList;
			buildConfigurations = (
				4BDB33B11A956AC0007810D5 /* Debug */,
				4BDB33B21A956AC0007810D5 /* Release */,
			);
			defaultConfigurationIsVisible = 0;
		};
		4BDB33B31A956AC0007810D5 /* Build configuration list for PBXNativeTarget "mailboxTests" */ = {
			isa = XCConfigurationList;
			buildConfigurations = (
				4BDB33B41A956AC0007810D5 /* Debug */,
				4BDB33B51A956AC0007810D5 /* Release */,
			);
			defaultConfigurationIsVisible = 0;
		};
/* End XCConfigurationList section */
	};
	rootObject = 4BDB33891A956AC0007810D5 /* Project object */;
}
